
Microsoft Visual Studio Solution File, Format Version 12.00
# Visual Studio Version 16
VisualStudioVersion = 16.6.30114.105
MinimumVisualStudioVersion = 10.0.40219.1
Project("{FAE04EC0-301F-11D3-BF4B-00C04F79EFBC}") = "SumOfTwoNumbers", "SumOfTwoNumbers\SumOfTwoNumbers.csproj", "{840F8CE5-D7AD-4EE7-9717-4A278443E9DB}"
EndProject
Project("{FAE04EC0-301F-11D3-BF4B-00C04F79EFBC}") = "SumOfTwoNumbers.Tests", "SumOfTwoNumbers.Tests\SumOfTwoNumbers.Tests.csproj", "{CA25B7B7-3882-412D-BD55-585C13019C40}"
EndProject
Project("{FAE04EC0-301F-11D3-BF4B-00C04F79EFBC}") = "Main", "Main\Main.csproj", "{1E31D7E5-9FCA-4828-83C6-93F54289A42D}"
EndProject
Global
	GlobalSection(SolutionConfigurationPlatforms) = preSolution
		Debug|Any CPU = Debug|Any CPU
		Debug|x64 = Debug|x64
		Debug|x86 = Debug|x86
		Release|Any CPU = Release|Any CPU
		Release|x64 = Release|x64
		Release|x86 = Release|x86
	EndGlobalSection
	GlobalSection(SolutionProperties) = preSolution
		HideSolutionNode = FALSE
	EndGlobalSection
	GlobalSection(ProjectConfigurationPlatforms) = postSolution
		{840F8CE5-D7AD-4EE7-9717-4A278443E9DB}.Debug|Any CPU.ActiveCfg = Debug|Any CPU
		{840F8CE5-D7AD-4EE7-9717-4A278443E9DB}.Debug|Any CPU.Build.0 = Debug|Any CPU
		{840F8CE5-D7AD-4EE7-9717-4A278443E9DB}.Debug|x64.ActiveCfg = Debug|Any CPU
		{840F8CE5-D7AD-4EE7-9717-4A278443E9DB}.Debug|x64.Build.0 = Debug|Any CPU
		{840F8CE5-D7AD-4EE7-9717-4A278443E9DB}.Debug|x86.ActiveCfg = Debug|Any CPU
		{840F8CE5-D7AD-4EE7-9717-4A278443E9DB}.Debug|x86.Build.0 = Debug|Any CPU
		{840F8CE5-D7AD-4EE7-9717-4A278443E9DB}.Release|Any CPU.ActiveCfg = Release|Any CPU
		{840F8CE5-D7AD-4EE7-9717-4A278443E9DB}.Release|Any CPU.Build.0 = Release|Any CPU
		{840F8CE5-D7AD-4EE7-9717-4A278443E9DB}.Release|x64.ActiveCfg = Release|Any CPU
		{840F8CE5-D7AD-4EE7-9717-4A278443E9DB}.Release|x64.Build.0 = Release|Any CPU
		{840F8CE5-D7AD-4EE7-9717-4A278443E9DB}.Release|x86.ActiveCfg = Release|Any CPU
		{840F8CE5-D7AD-4EE7-9717-4A278443E9DB}.Release|x86.Build.0 = Release|Any CPU
		{CA25B7B7-3882-412D-BD55-585C13019C40}.Debug|Any CPU.ActiveCfg = Debug|Any CPU
		{CA25B7B7-3882-412D-BD55-585C13019C40}.Debug|Any CPU.Build.0 = Debug|Any CPU
		{CA25B7B7-3882-412D-BD55-585C13019C40}.Debug|x64.ActiveCfg = Debug|Any CPU
		{CA25B7B7-3882-412D-BD55-585C13019C40}.Debug|x64.Build.0 = Debug|Any CPU
		{CA25B7B7-3882-412D-BD55-585C13019C40}.Debug|x86.ActiveCfg = Debug|Any CPU
		{CA25B7B7-3882-412D-BD55-585C13019C40}.Debug|x86.Build.0 = Debug|Any CPU
		{CA25B7B7-3882-412D-BD55-585C13019C40}.Release|Any CPU.ActiveCfg = Release|Any CPU
		{CA25B7B7-3882-412D-BD55-585C13019C40}.Release|Any CPU.Build.0 = Release|Any CPU
		{CA25B7B7-3882-412D-BD55-585C13019C40}.Release|x64.ActiveCfg = Release|Any CPU
		{CA25B7B7-3882-412D-BD55-585C13019C40}.Release|x64.Build.0 = Release|Any CPU
		{CA25B7B7-3882-412D-BD55-585C13019C40}.Release|x86.ActiveCfg = Release|Any CPU
		{CA25B7B7-3882-412D-BD55-585C13019C40}.Release|x86.Build.0 = Release|Any CPU
		{1E31D7E5-9FCA-4828-83C6-93F54289A42D}.Debug|Any CPU.ActiveCfg = Debug|Any CPU
		{1E31D7E5-9FCA-4828-83C6-93F54289A42D}.Debug|Any CPU.Build.0 = Debug|Any CPU
		{1E31D7E5-9FCA-4828-83C6-93F54289A42D}.Debug|x64.ActiveCfg = Debug|Any CPU
		{1E31D7E5-9FCA-4828-83C6-93F54289A42D}.Debug|x64.Build.0 = Debug|Any CPU
		{1E31D7E5-9FCA-4828-83C6-93F54289A42D}.Debug|x86.ActiveCfg = Debug|Any CPU
		{1E31D7E5-9FCA-4828-83C6-93F54289A42D}.Debug|x86.Build.0 = Debug|Any CPU
		{1E31D7E5-9FCA-4828-83C6-93F54289A42D}.Release|Any CPU.ActiveCfg = Release|Any CPU
		{1E31D7E5-9FCA-4828-83C6-93F54289A42D}.Release|Any CPU.Build.0 = Release|Any CPU
		{1E31D7E5-9FCA-4828-83C6-93F54289A42D}.Release|x64.ActiveCfg = Release|Any CPU
		{1E31D7E5-9FCA-4828-83C6-93F54289A42D}.Release|x64.Build.0 = Release|Any CPU
		{1E31D7E5-9FCA-4828-83C6-93F54289A42D}.Release|x86.ActiveCfg = Release|Any CPU
		{1E31D7E5-9FCA-4828-83C6-93F54289A42D}.Release|x86.Build.0 = Release|Any CPU
	EndGlobalSection
EndGlobal
